
Microsoft Visual Studio Solution File, Format Version 12.00
# Visual Studio Version 17
VisualStudioVersion = 17.9.34622.214
MinimumVisualStudioVersion = 10.0.40219.1
Project("{FAE04EC0-301F-11D3-BF4B-00C04F79EFBC}") = "threadRace", "threadRace\threadRace.csproj", "{933FBC37-AC94-48D4-85DD-EA6E668100A7}"
EndProject
Global
	GlobalSection(SolutionConfigurationPlatforms) = preSolution
		Debug|Any CPU = Debug|Any CPU
		Release|Any CPU = Release|Any CPU
	EndGlobalSection
	GlobalSection(ProjectConfigurationPlatforms) = postSolution
		{933FBC37-AC94-48D4-85DD-EA6E668100A7}.Debug|Any CPU.ActiveCfg = Debug|Any CPU
		{933FBC37-AC94-48D4-85DD-EA6E668100A7}.Debug|Any CPU.Build.0 = Debug|Any CPU
		{933FBC37-AC94-48D4-85DD-EA6E668100A7}.Release|Any CPU.ActiveCfg = Release|Any CPU
		{933FBC37-AC94-48D4-85DD-EA6E668100A7}.Release|Any CPU.Build.0 = Release|Any CPU
	EndGlobalSection
	GlobalSection(SolutionProperties) = preSolution
		HideSolutionNode = FALSE
	EndGlobalSection
	GlobalSection(ExtensibilityGlobals) = postSolution
		SolutionGuid = {B715368C-30BD-4A2F-9B00-34214ADB662B}
	EndGlobalSection
EndGlobal
